// !$*UTF8*$!
{
	archiveVersion = 1;
	classes = {
	};
	objectVersion = 50;
	objects = {

/* Begin PBXBuildFile section */
		10148F312319436C00A734F4 /* CoinClassifier.mlmodel in Sources */ = {isa = PBXBuildFile; fileRef = 10148F302319436C00A734F4 /* CoinClassifier.mlmodel */; };
		B83E925A2318292D00D61B95 /* CoinDetector.mlmodel in Sources */ = {isa = PBXBuildFile; fileRef = B83E92592318292D00D61B95 /* CoinDetector.mlmodel */; };
		B89543D32312CEAA00200476 /* AppDelegate.swift in Sources */ = {isa = PBXBuildFile; fileRef = B89543D22312CEAA00200476 /* AppDelegate.swift */; };
		B89543D52312CEAA00200476 /* ViewController.swift in Sources */ = {isa = PBXBuildFile; fileRef = B89543D42312CEAA00200476 /* ViewController.swift */; };
		B89543D82312CEAA00200476 /* Main.storyboard in Resources */ = {isa = PBXBuildFile; fileRef = B89543D62312CEAA00200476 /* Main.storyboard */; };
		B89543DA2312CEAB00200476 /* Assets.xcassets in Resources */ = {isa = PBXBuildFile; fileRef = B89543D92312CEAB00200476 /* Assets.xcassets */; };
		B89543DD2312CEAB00200476 /* LaunchScreen.storyboard in Resources */ = {isa = PBXBuildFile; fileRef = B89543DB2312CEAB00200476 /* LaunchScreen.storyboard */; };
		B89543E72312D84000200476 /* CoinDetectorViewController.swift in Sources */ = {isa = PBXBuildFile; fileRef = B89543E62312D84000200476 /* CoinDetectorViewController.swift */; };
		B8AE97B42316D0B70088DD80 /* CoinObservationCell.swift in Sources */ = {isa = PBXBuildFile; fileRef = B8AE97B32316D0B70088DD80 /* CoinObservationCell.swift */; };
/* End PBXBuildFile section */

/* Begin PBXFileReference section */
		10148F302319436C00A734F4 /* CoinClassifier.mlmodel */ = {isa = PBXFileReference; lastKnownFileType = file.mlmodel; path = CoinClassifier.mlmodel; sourceTree = "<group>"; };
		B83E92592318292D00D61B95 /* CoinDetector.mlmodel */ = {isa = PBXFileReference; lastKnownFileType = file.mlmodel; path = CoinDetector.mlmodel; sourceTree = "<group>"; };
		B89543CF2312CEAA00200476 /* Count.app */ = {isa = PBXFileReference; explicitFileType = wrapper.application; includeInIndex = 0; path = Count.app; sourceTree = BUILT_PRODUCTS_DIR; };
		B89543D22312CEAA00200476 /* AppDelegate.swift */ = {isa = PBXFileReference; lastKnownFileType = sourcecode.swift; path = AppDelegate.swift; sourceTree = "<group>"; };
		B89543D42312CEAA00200476 /* ViewController.swift */ = {isa = PBXFileReference; lastKnownFileType = sourcecode.swift; path = ViewController.swift; sourceTree = "<group>"; };
		B89543D72312CEAA00200476 /* Base */ = {isa = PBXFileReference; lastKnownFileType = file.storyboard; name = Base; path = Base.lproj/Main.storyboard; sourceTree = "<group>"; };
		B89543D92312CEAB00200476 /* Assets.xcassets */ = {isa = PBXFileReference; lastKnownFileType = folder.assetcatalog; path = Assets.xcassets; sourceTree = "<group>"; };
		B89543DC2312CEAB00200476 /* Base */ = {isa = PBXFileReference; lastKnownFileType = file.storyboard; name = Base; path = Base.lproj/LaunchScreen.storyboard; sourceTree = "<group>"; };
		B89543DE2312CEAB00200476 /* Info.plist */ = {isa = PBXFileReference; lastKnownFileType = text.plist.xml; path = Info.plist; sourceTree = "<group>"; };
		B89543E62312D84000200476 /* CoinDetectorViewController.swift */ = {isa = PBXFileReference; lastKnownFileType = sourcecode.swift; path = CoinDetectorViewController.swift; sourceTree = "<group>"; };
		B8AE97B32316D0B70088DD80 /* CoinObservationCell.swift */ = {isa = PBXFileReference; lastKnownFileType = sourcecode.swift; path = CoinObservationCell.swift; sourceTree = "<group>"; };
/* End PBXFileReference section */

/* Begin PBXFrameworksBuildPhase section */
		B89543CC2312CEAA00200476 /* Frameworks */ = {
			isa = PBXFrameworksBuildPhase;
			buildActionMask = 2147483647;
			files = (
			);
			runOnlyForDeploymentPostprocessing = 0;
		};
/* End PBXFrameworksBuildPhase section */

/* Begin PBXGroup section */
		B89543C62312CEAA00200476 = {
			isa = PBXGroup;
			children = (
				B89543D12312CEAA00200476 /* Count */,
				B89543D02312CEAA00200476 /* Products */,
			);
			sourceTree = "<group>";
		};
		B89543D02312CEAA00200476 /* Products */ = {
			isa = PBXGroup;
			children = (
				B89543CF2312CEAA00200476 /* Count.app */,
			);
			name = Products;
			sourceTree = "<group>";
		};
		B89543D12312CEAA00200476 /* Count */ = {
			isa = PBXGroup;
			children = (
				10148F302319436C00A734F4 /* CoinClassifier.mlmodel */,
				B83E92592318292D00D61B95 /* CoinDetector.mlmodel */,
				B89543D22312CEAA00200476 /* AppDelegate.swift */,
				B89543D42312CEAA00200476 /* ViewController.swift */,
				B8AE97B32316D0B70088DD80 /* CoinObservationCell.swift */,
				B89543E62312D84000200476 /* CoinDetectorViewController.swift */,
				B89543D62312CEAA00200476 /* Main.storyboard */,
				B89543D92312CEAB00200476 /* Assets.xcassets */,
				B89543DB2312CEAB00200476 /* LaunchScreen.storyboard */,
				B89543DE2312CEAB00200476 /* Info.plist */,
			);
			path = Count;
			sourceTree = "<group>";
		};
/* End PBXGroup section */

/* Begin PBXNativeTarget section */
		B89543CE2312CEAA00200476 /* Count */ = {
			isa = PBXNativeTarget;
			buildConfigurationList = B89543E12312CEAB00200476 /* Build configuration list for PBXNativeTarget "Count" */;
			buildPhases = (
				B89543CB2312CEAA00200476 /* Sources */,
				B89543CC2312CEAA00200476 /* Frameworks */,
				B89543CD2312CEAA00200476 /* Resources */,
			);
			buildRules = (
			);
			dependencies = (
			);
			name = Count;
			productName = Count;
			productReference = B89543CF2312CEAA00200476 /* Count.app */;
			productType = "com.apple.product-type.application";
		};
/* End PBXNativeTarget section */

/* Begin PBXProject section */
		B89543C72312CEAA00200476 /* Project object */ = {
			isa = PBXProject;
			attributes = {
				LastSwiftUpdateCheck = 1030;
				LastUpgradeCheck = 1030;
				ORGANIZATIONNAME = "Dani Shifer";
				TargetAttributes = {
					B89543CE2312CEAA00200476 = {
						CreatedOnToolsVersion = 10.3;
					};
				};
			};
			buildConfigurationList = B89543CA2312CEAA00200476 /* Build configuration list for PBXProject "Count" */;
			compatibilityVersion = "Xcode 9.3";
			developmentRegion = en;
			hasScannedForEncodings = 0;
			knownRegions = (
				en,
				Base,
			);
			mainGroup = B89543C62312CEAA00200476;
			productRefGroup = B89543D02312CEAA00200476 /* Products */;
			projectDirPath = "";
			projectRoot = "";
			targets = (
				B89543CE2312CEAA00200476 /* Count */,
			);
		};
/* End PBXProject section */

/* Begin PBXResourcesBuildPhase section */
		B89543CD2312CEAA00200476 /* Resources */ = {
			isa = PBXResourcesBuildPhase;
			buildActionMask = 2147483647;
			files = (
				B89543DD2312CEAB00200476 /* LaunchScreen.storyboard in Resources */,
				B89543DA2312CEAB00200476 /* Assets.xcassets in Resources */,
				B89543D82312CEAA00200476 /* Main.storyboard in Resources */,
			);
			runOnlyForDeploymentPostprocessing = 0;
		};
/* End PBXResourcesBuildPhase section */

/* Begin PBXSourcesBuildPhase section */
		B89543CB2312CEAA00200476 /* Sources */ = {
			isa = PBXSourcesBuildPhase;
			buildActionMask = 2147483647;
			files = (
				B89543D52312CEAA00200476 /* ViewController.swift in Sources */,
				B83E925A2318292D00D61B95 /* CoinDetector.mlmodel in Sources */,
				10148F312319436C00A734F4 /* CoinClassifier.mlmodel in Sources */,
				B8AE97B42316D0B70088DD80 /* CoinObservationCell.swift in Sources */,
				B89543E72312D84000200476 /* CoinDetectorViewController.swift in Sources */,
				B89543D32312CEAA00200476 /* AppDelegate.swift in Sources */,
			);
			runOnlyForDeploymentPostprocessing = 0;
		};
/* End PBXSourcesBuildPhase section */

/* Begin PBXVariantGroup section */
		B89543D62312CEAA00200476 /* Main.storyboard */ = {
			isa = PBXVariantGroup;
			children = (
				B89543D72312CEAA00200476 /* Base */,
			);
			name = Main.storyboard;
			sourceTree = "<group>";
		};
		B89543DB2312CEAB00200476 /* LaunchScreen.storyboard */ = {
			isa = PBXVariantGroup;
			children = (
				B89543DC2312CEAB00200476 /* Base */,
			);
			name = LaunchScreen.storyboard;
			sourceTree = "<group>";
		};
/* End PBXVariantGroup section */

/* Begin XCBuildConfiguration section */
		B89543DF2312CEAB00200476 /* Debug */ = {
			isa = XCBuildConfiguration;
			buildSettings = {
				ALWAYS_SEARCH_USER_PATHS = NO;
				CLANG_ANALYZER_NONNULL = YES;
				CLANG_ANALYZER_NUMBER_OBJECT_CONVERSION = YES_AGGRESSIVE;
				CLANG_CXX_LANGUAGE_STANDARD = "gnu++14";
				CLANG_CXX_LIBRARY = "libc++";
				CLANG_ENABLE_MODULES = YES;
				CLANG_ENABLE_OBJC_ARC = YES;
				CLANG_ENABLE_OBJC_WEAK = YES;
				CLANG_WARN_BLOCK_CAPTURE_AUTORELEASING = YES;
				CLANG_WARN_BOOL_CONVERSION = YES;
				CLANG_WARN_COMMA = YES;
				CLANG_WARN_CONSTANT_CONVERSION = YES;
				CLANG_WARN_DEPRECATED_OBJC_IMPLEMENTATIONS = YES;
				CLANG_WARN_DIRECT_OBJC_ISA_USAGE = YES_ERROR;
				CLANG_WARN_DOCUMENTATION_COMMENTS = YES;
				CLANG_WARN_EMPTY_BODY = YES;
				CLANG_WARN_ENUM_CONVERSION = YES;
				CLANG_WARN_INFINITE_RECURSION = YES;
				CLANG_WARN_INT_CONVERSION = YES;
				CLANG_WARN_NON_LITERAL_NULL_CONVERSION = YES;
				CLANG_WARN_OBJC_IMPLICIT_RETAIN_SELF = YES;
				CLANG_WARN_OBJC_LITERAL_CONVERSION = YES;
				CLANG_WARN_OBJC_ROOT_CLASS = YES_ERROR;
				CLANG_WARN_RANGE_LOOP_ANALYSIS = YES;
				CLANG_WARN_STRICT_PROTOTYPES = YES;
				CLANG_WARN_SUSPICIOUS_MOVE = YES;
				CLANG_WARN_UNGUARDED_AVAILABILITY = YES_AGGRESSIVE;
				CLANG_WARN_UNREACHABLE_CODE = YES;
				CLANG_WARN__DUPLICATE_METHOD_MATCH = YES;
				CODE_SIGN_IDENTITY = "iPhone Developer";
				COPY_PHASE_STRIP = NO;
				DEBUG_INFORMATION_FORMAT = dwarf;
				ENABLE_STRICT_OBJC_MSGSEND = YES;
				ENABLE_TESTABILITY = YES;
				GCC_C_LANGUAGE_STANDARD = gnu11;
				GCC_DYNAMIC_NO_PIC = NO;
				GCC_NO_COMMON_BLOCKS = YES;
				GCC_OPTIMIZATION_LEVEL = 0;
				GCC_PREPROCESSOR_DEFINITIONS = (
					"DEBUG=1",
					"$(inherited)",
				);
				GCC_WARN_64_TO_32_BIT_CONVERSION = YES;
				GCC_WARN_ABOUT_RETURN_TYPE = YES_ERROR;
				GCC_WARN_UNDECLARED_SELECTOR = YES;
				GCC_WARN_UNINITIALIZED_AUTOS = YES_AGGRESSIVE;
				GCC_WARN_UNUSED_FUNCTION = YES;
				GCC_WARN_UNUSED_VARIABLE = YES;
				IPHONEOS_DEPLOYMENT_TARGET = 12.4;
				MTL_ENABLE_DEBUG_INFO = INCLUDE_SOURCE;
				MTL_FAST_MATH = YES;
				ONLY_ACTIVE_ARCH = YES;
				SDKROOT = iphoneos;
				SWIFT_ACTIVE_COMPILATION_CONDITIONS = DEBUG;
				SWIFT_OPTIMIZATION_LEVEL = "-Onone";
			};
			name = Debug;
		};
		B89543E02312CEAB00200476 /* Release */ = {
			isa = XCBuildConfiguration;
			buildSettings = {
				ALWAYS_SEARCH_USER_PATHS = NO;
				CLANG_ANALYZER_NONNULL = YES;
				CLANG_ANALYZER_NUMBER_OBJECT_CONVERSION = YES_AGGRESSIVE;
				CLANG_CXX_LANGUAGE_STANDARD = "gnu++14";
				CLANG_CXX_LIBRARY = "libc++";
				CLANG_ENABLE_MODULES = YES;
				CLANG_ENABLE_OBJC_ARC = YES;
				CLANG_ENABLE_OBJC_WEAK = YES;
				CLANG_WARN_BLOCK_CAPTURE_AUTORELEASING = YES;
				CLANG_WARN_BOOL_CONVERSION = YES;
				CLANG_WARN_COMMA = YES;
				CLANG_WARN_CONSTANT_CONVERSION = YES;
				CLANG_WARN_DEPRECATED_OBJC_IMPLEMENTATIONS = YES;
				CLANG_WARN_DIRECT_OBJC_ISA_USAGE = YES_ERROR;
				CLANG_WARN_DOCUMENTATION_COMMENTS = YES;
				CLANG_WARN_EMPTY_BODY = YES;
				CLANG_WARN_ENUM_CONVERSION = YES;
				CLANG_WARN_INFINITE_RECURSION = YES;
				CLANG_WARN_INT_CONVERSION = YES;
				CLANG_WARN_NON_LITERAL_NULL_CONVERSION = YES;
				CLANG_WARN_OBJC_IMPLICIT_RETAIN_SELF = YES;
				CLANG_WARN_OBJC_LITERAL_CONVERSION = YES;
				CLANG_WARN_OBJC_ROOT_CLASS = YES_ERROR;
				CLANG_WARN_RANGE_LOOP_ANALYSIS = YES;
				CLANG_WARN_STRICT_PROTOTYPES = YES;
				CLANG_WARN_SUSPICIOUS_MOVE = YES;
				CLANG_WARN_UNGUARDED_AVAILABILITY = YES_AGGRESSIVE;
				CLANG_WARN_UNREACHABLE_CODE = YES;
				CLANG_WARN__DUPLICATE_METHOD_MATCH = YES;
				CODE_SIGN_IDENTITY = "iPhone Developer";
				COPY_PHASE_STRIP = NO;
				DEBUG_INFORMATION_FORMAT = "dwarf-with-dsym";
				ENABLE_NS_ASSERTIONS = NO;
				ENABLE_STRICT_OBJC_MSGSEND = YES;
				GCC_C_LANGUAGE_STANDARD = gnu11;
				GCC_NO_COMMON_BLOCKS = YES;
				GCC_WARN_64_TO_32_BIT_CONVERSION = YES;
				GCC_WARN_ABOUT_RETURN_TYPE = YES_ERROR;
				GCC_WARN_UNDECLARED_SELECTOR = YES;
				GCC_WARN_UNINITIALIZED_AUTOS = YES_AGGRESSIVE;
				GCC_WARN_UNUSED_FUNCTION = YES;
				GCC_WARN_UNUSED_VARIABLE = YES;
				IPHONEOS_DEPLOYMENT_TARGET = 12.4;
				MTL_ENABLE_DEBUG_INFO = NO;
				MTL_FAST_MATH = YES;
				SDKROOT = iphoneos;
				SWIFT_COMPILATION_MODE = wholemodule;
				SWIFT_OPTIMIZATION_LEVEL = "-O";
				VALIDATE_PRODUCT = YES;
			};
			name = Release;
		};
		B89543E22312CEAB00200476 /* Debug */ = {
			isa = XCBuildConfiguration;
			buildSettings = {
				ASSETCATALOG_COMPILER_APPICON_NAME = AppIcon;
				CODE_SIGN_STYLE = Automatic;
				DEVELOPMENT_TEAM = RY5SKM7QTE;
				INFOPLIST_FILE = Count/Info.plist;
				IPHONEOS_DEPLOYMENT_TARGET = 12.0;
				LD_RUNPATH_SEARCH_PATHS = (
					"$(inherited)",
					"@executable_path/Frameworks",
				);
				PRODUCT_BUNDLE_IDENTIFIER = com.danishifer.Count;
				PRODUCT_NAME = "$(TARGET_NAME)";
				SWIFT_VERSION = 5.0;
				TARGETED_DEVICE_FAMILY = "1,2";
			};
			name = Debug;
		};
		B89543E32312CEAB00200476 /* Release */ = {
			isa = XCBuildConfiguration;
			buildSettings = {
				ASSETCATALOG_COMPILER_APPICON_NAME = AppIcon;
				CODE_SIGN_STYLE = Automatic;
				DEVELOPMENT_TEAM = RY5SKM7QTE;
				INFOPLIST_FILE = Count/Info.plist;
				IPHONEOS_DEPLOYMENT_TARGET = 12.0;
				LD_RUNPATH_SEARCH_PATHS = (
					"$(inherited)",
					"@executable_path/Frameworks",
				);
				PRODUCT_BUNDLE_IDENTIFIER = com.danishifer.Count;
				PRODUCT_NAME = "$(TARGET_NAME)";
				SWIFT_VERSION = 5.0;
				TARGETED_DEVICE_FAMILY = "1,2";
			};
			name = Release;
		};
/* End XCBuildConfiguration section */

/* Begin XCConfigurationList section */
		B89543CA2312CEAA00200476 /* Build configuration list for PBXProject "Count" */ = {
			isa = XCConfigurationList;
			buildConfigurations = (
				B89543DF2312CEAB00200476 /* Debug */,
				B89543E02312CEAB00200476 /* Release */,
			);
			defaultConfigurationIsVisible = 0;
			defaultConfigurationName = Release;
		};
		B89543E12312CEAB00200476 /* Build configuration list for PBXNativeTarget "Count" */ = {
			isa = XCConfigurationList;
			buildConfigurations = (
				B89543E22312CEAB00200476 /* Debug */,
				B89543E32312CEAB00200476 /* Release */,
			);
			defaultConfigurationIsVisible = 0;
			defaultConfigurationName = Release;
		};
/* End XCConfigurationList section */
	};
	rootObject = B89543C72312CEAA00200476 /* Project object */;
}
